
Microsoft Visual Studio Solution File, Format Version 12.00
# Visual Studio Version 17
VisualStudioVersion = 17.9.34616.47
MinimumVisualStudioVersion = 10.0.40219.1
Project("{9A19103F-16F7-4668-BE54-9A1E7A4F7556}") = "WebApiProje", "WebApiProje\WebApiProje.csproj", "{A8A8EEA9-FFFE-4CA6-8F34-8A42CAEF18A8}"
EndProject
Project("{9A19103F-16F7-4668-BE54-9A1E7A4F7556}") = "Core", "Core\Core.csproj", "{557D06CC-CB7A-4730-B125-D96C6ABD86D1}"
EndProject
Project("{9A19103F-16F7-4668-BE54-9A1E7A4F7556}") = "HavalimanıPanelMVC", "HavalimanıPanelİMVC\HavalimanıPanelMVC.csproj", "{0B10524B-F182-4880-92F0-F78D077FEB1B}"
EndProject
Global
	GlobalSection(SolutionConfigurationPlatforms) = preSolution
		Debug|Any CPU = Debug|Any CPU
		Release|Any CPU = Release|Any CPU
	EndGlobalSection
	GlobalSection(ProjectConfigurationPlatforms) = postSolution
		{A8A8EEA9-FFFE-4CA6-8F34-8A42CAEF18A8}.Debug|Any CPU.ActiveCfg = Debug|Any CPU
		{A8A8EEA9-FFFE-4CA6-8F34-8A42CAEF18A8}.Debug|Any CPU.Build.0 = Debug|Any CPU
		{A8A8EEA9-FFFE-4CA6-8F34-8A42CAEF18A8}.Release|Any CPU.ActiveCfg = Release|Any CPU
		{A8A8EEA9-FFFE-4CA6-8F34-8A42CAEF18A8}.Release|Any CPU.Build.0 = Release|Any CPU
		{557D06CC-CB7A-4730-B125-D96C6ABD86D1}.Debug|Any CPU.ActiveCfg = Debug|Any CPU
		{557D06CC-CB7A-4730-B125-D96C6ABD86D1}.Debug|Any CPU.Build.0 = Debug|Any CPU
		{557D06CC-CB7A-4730-B125-D96C6ABD86D1}.Release|Any CPU.ActiveCfg = Release|Any CPU
		{557D06CC-CB7A-4730-B125-D96C6ABD86D1}.Release|Any CPU.Build.0 = Release|Any CPU
		{0B10524B-F182-4880-92F0-F78D077FEB1B}.Debug|Any CPU.ActiveCfg = Debug|Any CPU
		{0B10524B-F182-4880-92F0-F78D077FEB1B}.Debug|Any CPU.Build.0 = Debug|Any CPU
		{0B10524B-F182-4880-92F0-F78D077FEB1B}.Release|Any CPU.ActiveCfg = Release|Any CPU
		{0B10524B-F182-4880-92F0-F78D077FEB1B}.Release|Any CPU.Build.0 = Release|Any CPU
	EndGlobalSection
	GlobalSection(SolutionProperties) = preSolution
		HideSolutionNode = FALSE
	EndGlobalSection
	GlobalSection(ExtensibilityGlobals) = postSolution
		SolutionGuid = {51A0F5D6-6790-4DFE-9762-4D1D06071C54}
	EndGlobalSection
EndGlobal
